
Microsoft Visual Studio Solution File, Format Version 12.00
# Visual Studio Version 17
VisualStudioVersion = 17.8.34322.80
MinimumVisualStudioVersion = 10.0.40219.1
Project("{FAE04EC0-301F-11D3-BF4B-00C04F79EFBC}") = "MAUI IN ACTION", "MAUI IN ACTION\MAUI IN ACTION.csproj", "{DD80510D-4173-42F7-86CD-4ADD74E36BD4}"
EndProject
Global
	GlobalSection(SolutionConfigurationPlatforms) = preSolution
		Debug|Any CPU = Debug|Any CPU
		Release|Any CPU = Release|Any CPU
	EndGlobalSection
	GlobalSection(ProjectConfigurationPlatforms) = postSolution
		{DD80510D-4173-42F7-86CD-4ADD74E36BD4}.Debug|Any CPU.ActiveCfg = Debug|Any CPU
		{DD80510D-4173-42F7-86CD-4ADD74E36BD4}.Debug|Any CPU.Build.0 = Debug|Any CPU
		{DD80510D-4173-42F7-86CD-4ADD74E36BD4}.Debug|Any CPU.Deploy.0 = Debug|Any CPU
		{DD80510D-4173-42F7-86CD-4ADD74E36BD4}.Release|Any CPU.ActiveCfg = Release|Any CPU
		{DD80510D-4173-42F7-86CD-4ADD74E36BD4}.Release|Any CPU.Build.0 = Release|Any CPU
		{DD80510D-4173-42F7-86CD-4ADD74E36BD4}.Release|Any CPU.Deploy.0 = Release|Any CPU
	EndGlobalSection
	GlobalSection(SolutionProperties) = preSolution
		HideSolutionNode = FALSE
	EndGlobalSection
	GlobalSection(ExtensibilityGlobals) = postSolution
		SolutionGuid = {A5E6AC8C-7863-4E1C-9BCE-74BE08357464}
	EndGlobalSection
EndGlobal
